
Microsoft Visual Studio Solution File, Format Version 12.00
# TcXaeShell Solution File, Format Version 11.00
VisualStudioVersion = 17.10.35827.194
MinimumVisualStudioVersion = 10.0.40219.1
Project("{B1E792BE-AA5F-4E3C-8C82-674BF9C0715B}") = "Temp-and-Humidity-Data-Gatherer", "Temp-and-Humidity-Data-Gatherer.tsproj", "{0443BFC9-E407-4543-8B67-422F8D5DC238}"
EndProject
Global
	GlobalSection(SolutionConfigurationPlatforms) = preSolution
		Debug|TwinCAT OS (ARMV7-A) = Debug|TwinCAT OS (ARMV7-A)
		Debug|TwinCAT OS (ARMV7-M) = Debug|TwinCAT OS (ARMV7-M)
		Debug|TwinCAT OS (ARMV8-A) = Debug|TwinCAT OS (ARMV8-A)
		Debug|TwinCAT OS (x64) = Debug|TwinCAT OS (x64)
		Debug|TwinCAT OS (x64-E) = Debug|TwinCAT OS (x64-E)
		Debug|TwinCAT RT (x64) = Debug|TwinCAT RT (x64)
		Debug|TwinCAT RT (x86) = Debug|TwinCAT RT (x86)
		Release|TwinCAT OS (ARMV7-A) = Release|TwinCAT OS (ARMV7-A)
		Release|TwinCAT OS (ARMV7-M) = Release|TwinCAT OS (ARMV7-M)
		Release|TwinCAT OS (ARMV8-A) = Release|TwinCAT OS (ARMV8-A)
		Release|TwinCAT OS (x64) = Release|TwinCAT OS (x64)
		Release|TwinCAT OS (x64-E) = Release|TwinCAT OS (x64-E)
		Release|TwinCAT RT (x64) = Release|TwinCAT RT (x64)
		Release|TwinCAT RT (x86) = Release|TwinCAT RT (x86)
	EndGlobalSection
	GlobalSection(ProjectConfigurationPlatforms) = postSolution
		{0443BFC9-E407-4543-8B67-422F8D5DC238}.Debug|TwinCAT OS (ARMV7-A).ActiveCfg = Debug|TwinCAT OS (ARMV7-A)
		{0443BFC9-E407-4543-8B67-422F8D5DC238}.Debug|TwinCAT OS (ARMV7-A).Build.0 = Debug|TwinCAT OS (ARMV7-A)
		{0443BFC9-E407-4543-8B67-422F8D5DC238}.Debug|TwinCAT OS (ARMV7-M).ActiveCfg = Debug|TwinCAT OS (ARMV7-M)
		{0443BFC9-E407-4543-8B67-422F8D5DC238}.Debug|TwinCAT OS (ARMV7-M).Build.0 = Debug|TwinCAT OS (ARMV7-M)
		{0443BFC9-E407-4543-8B67-422F8D5DC238}.Debug|TwinCAT OS (ARMV8-A).ActiveCfg = Debug|TwinCAT OS (ARMV8-A)
		{0443BFC9-E407-4543-8B67-422F8D5DC238}.Debug|TwinCAT OS (ARMV8-A).Build.0 = Debug|TwinCAT OS (ARMV8-A)
		{0443BFC9-E407-4543-8B67-422F8D5DC238}.Debug|TwinCAT OS (x64).ActiveCfg = Debug|TwinCAT OS (x64)
		{0443BFC9-E407-4543-8B67-422F8D5DC238}.Debug|TwinCAT OS (x64).Build.0 = Debug|TwinCAT OS (x64)
		{0443BFC9-E407-4543-8B67-422F8D5DC238}.Debug|TwinCAT OS (x64-E).ActiveCfg = Debug|TwinCAT OS (x64-E)
		{0443BFC9-E407-4543-8B67-422F8D5DC238}.Debug|TwinCAT OS (x64-E).Build.0 = Debug|TwinCAT OS (x64-E)
		{0443BFC9-E407-4543-8B67-422F8D5DC238}.Debug|TwinCAT RT (x64).ActiveCfg = Debug|TwinCAT RT (x64)
		{0443BFC9-E407-4543-8B67-422F8D5DC238}.Debug|TwinCAT RT (x64).Build.0 = Debug|TwinCAT RT (x64)
		{0443BFC9-E407-4543-8B67-422F8D5DC238}.Debug|TwinCAT RT (x86).ActiveCfg = Debug|TwinCAT RT (x86)
		{0443BFC9-E407-4543-8B67-422F8D5DC238}.Debug|TwinCAT RT (x86).Build.0 = Debug|TwinCAT RT (x86)
		{0443BFC9-E407-4543-8B67-422F8D5DC238}.Release|TwinCAT OS (ARMV7-A).ActiveCfg = Release|TwinCAT OS (ARMV7-A)
		{0443BFC9-E407-4543-8B67-422F8D5DC238}.Release|TwinCAT OS (ARMV7-A).Build.0 = Release|TwinCAT OS (ARMV7-A)
		{0443BFC9-E407-4543-8B67-422F8D5DC238}.Release|TwinCAT OS (ARMV7-M).ActiveCfg = Release|TwinCAT OS (ARMV7-M)
		{0443BFC9-E407-4543-8B67-422F8D5DC238}.Release|TwinCAT OS (ARMV7-M).Build.0 = Release|TwinCAT OS (ARMV7-M)
		{0443BFC9-E407-4543-8B67-422F8D5DC238}.Release|TwinCAT OS (ARMV8-A).ActiveCfg = Release|TwinCAT OS (ARMV8-A)
		{0443BFC9-E407-4543-8B67-422F8D5DC238}.Release|TwinCAT OS (ARMV8-A).Build.0 = Release|TwinCAT OS (ARMV8-A)
		{0443BFC9-E407-4543-8B67-422F8D5DC238}.Release|TwinCAT OS (x64).ActiveCfg = Release|TwinCAT OS (x64)
		{0443BFC9-E407-4543-8B67-422F8D5DC238}.Release|TwinCAT OS (x64).Build.0 = Release|TwinCAT OS (x64)
		{0443BFC9-E407-4543-8B67-422F8D5DC238}.Release|TwinCAT OS (x64-E).ActiveCfg = Release|TwinCAT OS (x64-E)
		{0443BFC9-E407-4543-8B67-422F8D5DC238}.Release|TwinCAT OS (x64-E).Build.0 = Release|TwinCAT OS (x64-E)
		{0443BFC9-E407-4543-8B67-422F8D5DC238}.Release|TwinCAT RT (x64).ActiveCfg = Release|TwinCAT RT (x64)
		{0443BFC9-E407-4543-8B67-422F8D5DC238}.Release|TwinCAT RT (x64).Build.0 = Release|TwinCAT RT (x64)
		{0443BFC9-E407-4543-8B67-422F8D5DC238}.Release|TwinCAT RT (x86).ActiveCfg = Release|TwinCAT RT (x86)
		{0443BFC9-E407-4543-8B67-422F8D5DC238}.Release|TwinCAT RT (x86).Build.0 = Release|TwinCAT RT (x86)
		{751EA617-C27E-45B3-98BD-23D055CA71DF}.Debug|TwinCAT OS (ARMV7-A).ActiveCfg = Debug|TwinCAT OS (ARMV7-A)
		{751EA617-C27E-45B3-98BD-23D055CA71DF}.Debug|TwinCAT OS (ARMV7-A).Build.0 = Debug|TwinCAT OS (ARMV7-A)
		{751EA617-C27E-45B3-98BD-23D055CA71DF}.Debug|TwinCAT OS (ARMV7-M).ActiveCfg = Debug|TwinCAT OS (ARMV7-M)
		{751EA617-C27E-45B3-98BD-23D055CA71DF}.Debug|TwinCAT OS (ARMV7-M).Build.0 = Debug|TwinCAT OS (ARMV7-M)
		{751EA617-C27E-45B3-98BD-23D055CA71DF}.Debug|TwinCAT OS (ARMV8-A).ActiveCfg = Debug|TwinCAT OS (ARMV8-A)
		{751EA617-C27E-45B3-98BD-23D055CA71DF}.Debug|TwinCAT OS (ARMV8-A).Build.0 = Debug|TwinCAT OS (ARMV8-A)
		{751EA617-C27E-45B3-98BD-23D055CA71DF}.Debug|TwinCAT OS (x64).ActiveCfg = Debug|TwinCAT OS (x64)
		{751EA617-C27E-45B3-98BD-23D055CA71DF}.Debug|TwinCAT OS (x64).Build.0 = Debug|TwinCAT OS (x64)
		{751EA617-C27E-45B3-98BD-23D055CA71DF}.Debug|TwinCAT OS (x64-E).ActiveCfg = Debug|TwinCAT OS (x64-E)
		{751EA617-C27E-45B3-98BD-23D055CA71DF}.Debug|TwinCAT OS (x64-E).Build.0 = Debug|TwinCAT OS (x64-E)
		{751EA617-C27E-45B3-98BD-23D055CA71DF}.Debug|TwinCAT RT (x64).ActiveCfg = Debug|TwinCAT RT (x64)
		{751EA617-C27E-45B3-98BD-23D055CA71DF}.Debug|TwinCAT RT (x64).Build.0 = Debug|TwinCAT RT (x64)
		{751EA617-C27E-45B3-98BD-23D055CA71DF}.Debug|TwinCAT RT (x86).ActiveCfg = Debug|TwinCAT RT (x86)
		{751EA617-C27E-45B3-98BD-23D055CA71DF}.Debug|TwinCAT RT (x86).Build.0 = Debug|TwinCAT RT (x86)
		{751EA617-C27E-45B3-98BD-23D055CA71DF}.Release|TwinCAT OS (ARMV7-A).ActiveCfg = Release|TwinCAT OS (ARMV7-A)
		{751EA617-C27E-45B3-98BD-23D055CA71DF}.Release|TwinCAT OS (ARMV7-A).Build.0 = Release|TwinCAT OS (ARMV7-A)
		{751EA617-C27E-45B3-98BD-23D055CA71DF}.Release|TwinCAT OS (ARMV7-M).ActiveCfg = Release|TwinCAT OS (ARMV7-M)
		{751EA617-C27E-45B3-98BD-23D055CA71DF}.Release|TwinCAT OS (ARMV7-M).Build.0 = Release|TwinCAT OS (ARMV7-M)
		{751EA617-C27E-45B3-98BD-23D055CA71DF}.Release|TwinCAT OS (ARMV8-A).ActiveCfg = Release|TwinCAT OS (ARMV8-A)
		{751EA617-C27E-45B3-98BD-23D055CA71DF}.Release|TwinCAT OS (ARMV8-A).Build.0 = Release|TwinCAT OS (ARMV8-A)
		{751EA617-C27E-45B3-98BD-23D055CA71DF}.Release|TwinCAT OS (x64).ActiveCfg = Release|TwinCAT OS (x64)
		{751EA617-C27E-45B3-98BD-23D055CA71DF}.Release|TwinCAT OS (x64).Build.0 = Release|TwinCAT OS (x64)
		{751EA617-C27E-45B3-98BD-23D055CA71DF}.Release|TwinCAT OS (x64-E).ActiveCfg = Release|TwinCAT OS (x64-E)
		{751EA617-C27E-45B3-98BD-23D055CA71DF}.Release|TwinCAT OS (x64-E).Build.0 = Release|TwinCAT OS (x64-E)
		{751EA617-C27E-45B3-98BD-23D055CA71DF}.Release|TwinCAT RT (x64).ActiveCfg = Release|TwinCAT RT (x64)
		{751EA617-C27E-45B3-98BD-23D055CA71DF}.Release|TwinCAT RT (x64).Build.0 = Release|TwinCAT RT (x64)
		{751EA617-C27E-45B3-98BD-23D055CA71DF}.Release|TwinCAT RT (x86).ActiveCfg = Release|TwinCAT RT (x86)
		{751EA617-C27E-45B3-98BD-23D055CA71DF}.Release|TwinCAT RT (x86).Build.0 = Release|TwinCAT RT (x86)
	EndGlobalSection
	GlobalSection(SolutionProperties) = preSolution
		HideSolutionNode = FALSE
	EndGlobalSection
	GlobalSection(ExtensibilityGlobals) = postSolution
		SolutionGuid = {6897FF34-4F28-41FE-B3F2-94F12F802689}
	EndGlobalSection
EndGlobal
